{
    "_meta": {
        "hash": {
            "sha256": "ce208bedab23bf7c61cd4df1229af4f61dcb612ad663d82524cda49e1643f06f"
        },
        "pipfile-spec": 6,
        "requires": {
            "python_full_version": "3.11.4",
            "python_version": "3.11"
        },
        "sources": [
            {
                "name": "pypi",
                "url": "https://pypi.org/simple",
                "verify_ssl": true
            }
        ]
    },
    "default": {
        "aiofiles": {
            "hashes": [
                "sha256:19297512c647d4b27a2cf7c34caa7e405c0d60b5560618a29a9fe027b18b0107",
                "sha256:84ec2218d8419404abcb9f0c02df3f34c6e0a68ed41072acfb1cef5cbc29051a"
            ],
            "markers": "python_version >= '3.7'",
            "version": "==23.2.1"
        },
        "anyio": {
            "hashes": [
                "sha256:44a3c9aba0f5defa43261a8b3efb97891f2bd7d804e0e1f56419befa1adfc780",
                "sha256:91dee416e570e92c64041bd18b900d1d6fa78dff7048769ce5ac5ddad004fbb5"
            ],
            "markers": "python_version >= '3.7'",
            "version": "==3.7.1"
        },
        "certifi": {
            "hashes": [
                "sha256:539cc1d13202e33ca466e88b2807e29f4c13049d6d87031a3c110744495cb082",
                "sha256:92d6037539857d8206b8f6ae472e8b77db8058fec5937a1ef3f54304089edbb9"
            ],
            "markers": "python_version >= '3.6'",
            "version": "==2023.7.22"
        },
        "h11": {
            "hashes": [
                "sha256:8f19fbbe99e72420ff35c00b27a34cb9937e902a8b810e2c88300c6f0a3b699d",
                "sha256:e3fe4ac4b851c468cc8363d500db52c2ead036020723024a109d37346efaa761"
            ],
            "markers": "python_version >= '3.7'",
            "version": "==0.14.0"
        },
        "httpcore": {
            "hashes": [
                "sha256:a6f30213335e34c1ade7be6ec7c47f19f50c56db36abef1a9dfa3815b1cb3888",
                "sha256:c2789b767ddddfa2a5782e3199b2b7f6894540b17b16ec26b2c4d8e103510b87"
            ],
            "markers": "python_version >= '3.7'",
            "version": "==0.17.3"
        },
        "httpx": {
            "hashes": [
                "sha256:06781eb9ac53cde990577af654bd990a4949de37a28bdb4a230d434f3a30b9bd",
                "sha256:5853a43053df830c20f8110c5e69fe44d035d850b2dfe795e196f00fdb774bdd"
            ],
            "markers": "python_version >= '3.7'",
            "version": "==0.24.1"
        },
        "idna": {
            "hashes": [
                "sha256:814f528e8dead7d329833b91c5faa87d60bf71824cd12a7530b5526063d02cb4",
                "sha256:90b77e79eaa3eba6de819a0c442c0b4ceefc341a7a2ab77d7562bf49f425c5c2"
            ],
            "markers": "python_version >= '3.5'",
            "version": "==3.4"
        },
        "nest-asyncio": {
            "hashes": [
                "sha256:5301c82941b550b3123a1ea772ba9a1c80bad3a182be8c1a5ae6ad3be57a9657",
                "sha256:6a80f7b98f24d9083ed24608977c09dd608d83f91cccc24c9d2cba6d10e01c10"
            ],
            "markers": "python_version >= '3.5'",
            "version": "==1.5.7"
        },
        "orjson": {
            "hashes": [
                "sha256:004f0d307473af210717260dab2ddceab26750ef5d2c6b1f7454c33f7bb69f0c",
                "sha256:04cd7f4a4f4cd2fe43d104eb70e7435c6fcbdde7aa0cde4230e444fbc66924d3",
                "sha256:0725260a12d7102b6e66f9925a027f55567255d8455f8288b02d5eedc8925c3e",
                "sha256:0a31c2cab0ba86998205c2eba550c178a8b4ee7905cadeb402eed45392edb178",
                "sha256:0b400cf89c15958cd829c8a4ade8f5dd73588e63d2fb71a00483e7a74e9f92da",
                "sha256:0e7c3b7e29572ef2d845a59853475f40fdabec53b8b7d6effda4bb26119c07f5",
                "sha256:144a3b8c7cbdd301e1b8cd7dd33e3cbfe7b011df2bebd45b84bacc8cb490302d",
                "sha256:149d1b7630771222f73ecb024ab5dd8e7f41502402b02015494d429bacc4d5c1",
                "sha256:161cc72dd3ff569fd67da4af3a23c0c837029085300f0cebc287586ae3b559e0",
                "sha256:1e4b20164809b21966b63e063f894927bc85391e60d0a96fa0bb552090f1319c",
                "sha256:1fb36efdf2a35286fb87cfaa195fc34621389da1c7b28a8eb51a4d212d60e56d",
                "sha256:220ca4125416636a3d6b53a77d50434987a83da243f9080ee4cce7ac6a34bb4a",
                "sha256:224ad19dcdc21bb220d893807f2563e219319a8891ead3c54243b51a4882d767",
                "sha256:23d3b6f2706cb324661899901e6b1fcaee4f5aac7d7588306df3f43e68173840",
                "sha256:264637cad35a1755ab90a8ea290076d444deda20753e55a0eb75496a4645f7bc",
                "sha256:2e83ec1ee66d83b558a6d273d8a01b86563daa60bea9bc040e2c1cb8008de61f",
                "sha256:2f57ccb50e9e123709e9f2d7b1a9e09e694e49d1fa5c5585e34b8e3f01929dc3",
                "sha256:32a9e0f140c7d0d52f79553cabd1a471f6a4f187c59742239939f1139258a053",
                "sha256:336ec8471102851f0699198031924617b7a77baadea889df3ffda6000bd59f4c",
                "sha256:3932b06abf49135c93816c74139c7937fa54079fce3f44db2d598859894c344a",
                "sha256:3b9f8bf43a5367d5522f80e7d533c98d880868cd0b640b9088c9237306eca6e8",
                "sha256:3d947366127abef192419257eb7db7fcee0841ced2b49ccceba43b65e9ce5e3f",
                "sha256:4974cc2ebb53196081fef96743c02c8b073242b20a40b65d2aa2365ba8c949df",
                "sha256:4fdb59cfa00e10c82e09d1c32a9ce08a38bd29496ba20a73cd7f498e3a0a5024",
                "sha256:53b417cc9465dbb42ec9cd7be744a921a0ce583556315d172a246d6e71aa043b",
                "sha256:562cf24f9f11df8099e0e78859ba6729e7caa25c2f3947cb228d9152946c854b",
                "sha256:5e876ef36801b3d4d3a4b0613b6144b0b47f13f3043fd1fcdfafd783c174b538",
                "sha256:644728d803200d7774164d252a247e2fcb0d19e4ef7a4a19a1a139ae472c551b",
                "sha256:6bae10f4e7a9145b120e37b6456f1d3853a953e5131fe4740a764e46420289f5",
                "sha256:73d9507a547202f0dd0672e529ce3ca45582d152369c684a9ce75677ce5ae089",
                "sha256:915da36bc93ef0c659fa50fe7939d4f208804ad252fc4fc8d55adbbb82293c48",
                "sha256:94d15ee45c2aaed334688e511aa73b4681f7c08a0810884c6b3ae5824dea1222",
                "sha256:9ab3720fba68cc1c0bad00803d2c5e2c70177da5af12c45e18cc4d14426d56d8",
                "sha256:9c32dea3b27a97ac88783c1eb61ccb531865bf478a37df3707cbc96ca8f34a04",
                "sha256:a4c9254d21fc44526a3850355b89afd0d00ed73bdf902a5ab416df14a61eac6b",
                "sha256:a4f12e9ec62679c3f2717d9ec41b497a2c2af0b1361229db0dc86ef078a4c034",
                "sha256:a533e664a0e3904307d662c5d45775544dc2b38df6e39e213ff6a86ceaa3d53c",
                "sha256:a7d029fc34a516f7eae29b778b30371fcb621134b2acfe4c51c785102aefc6cf",
                "sha256:b39747f8e57728b9d8c26bd1d28e9a31c028717617a5938a179244b9436c0b31",
                "sha256:b5b5038187b74e2d33e5caee8a7e83ddeb6a21da86837fa2aac95c69aeb366e6",
                "sha256:b749d06a3d84ac27311cb85fb5e8f965efd1c5f27556ad8fcfd1853c323b4d54",
                "sha256:b75f0fc7a64a95027c6f0c70f17969299bdf2b6a85e342b29fc23be2788bad6f",
                "sha256:ba21fe581a83555024f3cfc9182a2390a61bc50430364855022c518b8ba285a4",
                "sha256:bcda6179eb863c295eb5ea832676d33ef12c04d227b4c98267876c8322e5a96e",
                "sha256:c2fb7963c17ab347428412a0689f5c89ea480f5d5f7ba3e46c6c2f14f3159ee4",
                "sha256:c416c50f63bfcf453b6e28d1df956938486191fd1a15aeb95107e810e6e219c8",
                "sha256:c4fcd1ac0b7850f85398fd9fdbc7150ac4e82d2ae6754cc6acaf49ca7c30d79a",
                "sha256:c65df12f92e771361dca45765fcac3d97491799ee8ab3c6c5ecf0155a397a313",
                "sha256:d73c0fd54a52a1a1abfad69d4f1dfb7048cd0b3ef1828ddb4920ef2d3739d8fb",
                "sha256:daeed2502ddf1f2b29ec8da2fe2ea82807a5c4acf869608ce6c476db8171d070",
                "sha256:e12492ce65cb10f385e70a88badc6046bc720fa7d468db27b7429d85d41beaeb",
                "sha256:edcbccfe852d1d3d56cc8bfc5fa3688c866619328a73cb2394e79b29b4ab24d2",
                "sha256:ef7119ebc9b76d5e37c330596616c697d1957779c916aec30cefd28df808f796",
                "sha256:f009c1a02773bdecdd1157036918fef1da47f7193d4ad599c9edb1e1960a0491",
                "sha256:f0a4cf31bfa94cd235aa50030bef3df529e4eb2893ea6a7771c0fb087e4e53b2",
                "sha256:fb429c56ea645e084e34976c2ea0efca7661ee961f61e51405f28bc5a9d1fb24"
            ],
            "markers": "python_version >= '3.7'",
            "version": "==3.9.4"
        },
        "python-dotenv": {
            "hashes": [
                "sha256:a8df96034aae6d2d50a4ebe8216326c61c3eb64836776504fcca410e5937a3ba",
                "sha256:f5971a9226b701070a4bf2c38c89e5a3f0d64de8debda981d1db98583009122a"
            ],
            "index": "pypi",
            "version": "==1.0.0"
        },
        "sniffio": {
            "hashes": [
                "sha256:e60305c5e5d314f5389259b7f22aaa33d8f7dee49763119234af3755c55b9101",
                "sha256:eecefdce1e5bbfb7ad2eeaabf7c1eeb404d7757c379bd1f7e5cce9d8bf425384"
            ],
            "markers": "python_version >= '3.7'",
            "version": "==1.3.0"
        },
        "tqdm": {
            "hashes": [
                "sha256:d302b3c5b53d47bce91fea46679d9c3c6508cf6332229aa1e7d8653723793386",
                "sha256:d88e651f9db8d8551a62556d3cff9e3034274ca5d66e93197cf2490e2dcb69c7"
            ],
            "markers": "python_version >= '3.7'",
            "version": "==4.66.1"
        },
        "twitter-api-client": {
            "hashes": [
                "sha256:290e037ce21e65dc2b06199162b8e5c6b7fee3eccb5e2a392d8362adafa3789d",
                "sha256:bd108f94c89ddd7dd4b545e8788de4f089e3a20327fbbcf1954133cabcd98fa1"
            ],
            "index": "pypi",
            "version": "==0.10.11"
        },
        "uvloop": {
            "hashes": [
                "sha256:0949caf774b9fcefc7c5756bacbbbd3fc4c05a6b7eebc7c7ad6f825b23998d6d",
                "sha256:0ddf6baf9cf11a1a22c71487f39f15b2cf78eb5bde7e5b45fbb99e8a9d91b9e1",
                "sha256:1436c8673c1563422213ac6907789ecb2b070f5939b9cbff9ef7113f2b531595",
                "sha256:23609ca361a7fc587031429fa25ad2ed7242941adec948f9d10c045bfecab06b",
                "sha256:2a6149e1defac0faf505406259561bc14b034cdf1d4711a3ddcdfbaa8d825a05",
                "sha256:2deae0b0fb00a6af41fe60a675cec079615b01d68beb4cc7b722424406b126a8",
                "sha256:307958f9fc5c8bb01fad752d1345168c0abc5d62c1b72a4a8c6c06f042b45b20",
                "sha256:30babd84706115626ea78ea5dbc7dd8d0d01a2e9f9b306d24ca4ed5796c66ded",
                "sha256:3378eb62c63bf336ae2070599e49089005771cc651c8769aaad72d1bd9385a7c",
                "sha256:3d97672dc709fa4447ab83276f344a165075fd9f366a97b712bdd3fee05efae8",
                "sha256:3db8de10ed684995a7f34a001f15b374c230f7655ae840964d51496e2f8a8474",
                "sha256:3ebeeec6a6641d0adb2ea71dcfb76017602ee2bfd8213e3fcc18d8f699c5104f",
                "sha256:45cea33b208971e87a31c17622e4b440cac231766ec11e5d22c76fab3bf9df62",
                "sha256:6708f30db9117f115eadc4f125c2a10c1a50d711461699a0cbfaa45b9a78e376",
                "sha256:68532f4349fd3900b839f588972b3392ee56042e440dd5873dfbbcd2cc67617c",
                "sha256:6aafa5a78b9e62493539456f8b646f85abc7093dd997f4976bb105537cf2635e",
                "sha256:7d37dccc7ae63e61f7b96ee2e19c40f153ba6ce730d8ba4d3b4e9738c1dccc1b",
                "sha256:864e1197139d651a76c81757db5eb199db8866e13acb0dfe96e6fc5d1cf45fc4",
                "sha256:8887d675a64cfc59f4ecd34382e5b4f0ef4ae1da37ed665adba0c2badf0d6578",
                "sha256:8efcadc5a0003d3a6e887ccc1fb44dec25594f117a94e3127954c05cf144d811",
                "sha256:9b09e0f0ac29eee0451d71798878eae5a4e6a91aa275e114037b27f7db72702d",
                "sha256:a4aee22ece20958888eedbad20e4dbb03c37533e010fb824161b4f05e641f738",
                "sha256:a5abddb3558d3f0a78949c750644a67be31e47936042d4f6c888dd6f3c95f4aa",
                "sha256:c092a2c1e736086d59ac8e41f9c98f26bbf9b9222a76f21af9dfe949b99b2eb9",
                "sha256:c686a47d57ca910a2572fddfe9912819880b8765e2f01dc0dd12a9bf8573e539",
                "sha256:cbbe908fda687e39afd6ea2a2f14c2c3e43f2ca88e3a11964b297822358d0e6c",
                "sha256:ce9f61938d7155f79d3cb2ffa663147d4a76d16e08f65e2c66b77bd41b356718",
                "sha256:dbbaf9da2ee98ee2531e0c780455f2841e4675ff580ecf93fe5c48fe733b5667",
                "sha256:f1e507c9ee39c61bfddd79714e4f85900656db1aec4d40c6de55648e85c2799c",
                "sha256:ff3d00b70ce95adce264462c930fbaecb29718ba6563db354608f37e49e09024"
            ],
            "markers": "platform_system != 'Windows'",
            "version": "==0.17.0"
        },
        "websockets": {
            "hashes": [
                "sha256:01f5567d9cf6f502d655151645d4e8b72b453413d3819d2b6f1185abc23e82dd",
                "sha256:03aae4edc0b1c68498f41a6772d80ac7c1e33c06c6ffa2ac1c27a07653e79d6f",
                "sha256:0ac56b661e60edd453585f4bd68eb6a29ae25b5184fd5ba51e97652580458998",
                "sha256:0ee68fe502f9031f19d495dae2c268830df2760c0524cbac5d759921ba8c8e82",
                "sha256:1553cb82942b2a74dd9b15a018dce645d4e68674de2ca31ff13ebc2d9f283788",
                "sha256:1a073fc9ab1c8aff37c99f11f1641e16da517770e31a37265d2755282a5d28aa",
                "sha256:1d2256283fa4b7f4c7d7d3e84dc2ece74d341bce57d5b9bf385df109c2a1a82f",
                "sha256:1d5023a4b6a5b183dc838808087033ec5df77580485fc533e7dab2567851b0a4",
                "sha256:1fdf26fa8a6a592f8f9235285b8affa72748dc12e964a5518c6c5e8f916716f7",
                "sha256:2529338a6ff0eb0b50c7be33dc3d0e456381157a31eefc561771ee431134a97f",
                "sha256:279e5de4671e79a9ac877427f4ac4ce93751b8823f276b681d04b2156713b9dd",
                "sha256:2d903ad4419f5b472de90cd2d40384573b25da71e33519a67797de17ef849b69",
                "sha256:332d126167ddddec94597c2365537baf9ff62dfcc9db4266f263d455f2f031cb",
                "sha256:34fd59a4ac42dff6d4681d8843217137f6bc85ed29722f2f7222bd619d15e95b",
                "sha256:3580dd9c1ad0701169e4d6fc41e878ffe05e6bdcaf3c412f9d559389d0c9e016",
                "sha256:3ccc8a0c387629aec40f2fc9fdcb4b9d5431954f934da3eaf16cdc94f67dbfac",
                "sha256:41f696ba95cd92dc047e46b41b26dd24518384749ed0d99bea0a941ca87404c4",
                "sha256:42cc5452a54a8e46a032521d7365da775823e21bfba2895fb7b77633cce031bb",
                "sha256:4841ed00f1026dfbced6fca7d963c4e7043aa832648671b5138008dc5a8f6d99",
                "sha256:4b253869ea05a5a073ebfdcb5cb3b0266a57c3764cf6fe114e4cd90f4bfa5f5e",
                "sha256:54c6e5b3d3a8936a4ab6870d46bdd6ec500ad62bde9e44462c32d18f1e9a8e54",
                "sha256:619d9f06372b3a42bc29d0cd0354c9bb9fb39c2cbc1a9c5025b4538738dbffaf",
                "sha256:6505c1b31274723ccaf5f515c1824a4ad2f0d191cec942666b3d0f3aa4cb4007",
                "sha256:660e2d9068d2bedc0912af508f30bbeb505bbbf9774d98def45f68278cea20d3",
                "sha256:6681ba9e7f8f3b19440921e99efbb40fc89f26cd71bf539e45d8c8a25c976dc6",
                "sha256:68b977f21ce443d6d378dbd5ca38621755f2063d6fdb3335bda981d552cfff86",
                "sha256:69269f3a0b472e91125b503d3c0b3566bda26da0a3261c49f0027eb6075086d1",
                "sha256:6f1a3f10f836fab6ca6efa97bb952300b20ae56b409414ca85bff2ad241d2a61",
                "sha256:7622a89d696fc87af8e8d280d9b421db5133ef5b29d3f7a1ce9f1a7bf7fcfa11",
                "sha256:777354ee16f02f643a4c7f2b3eff8027a33c9861edc691a2003531f5da4f6bc8",
                "sha256:84d27a4832cc1a0ee07cdcf2b0629a8a72db73f4cf6de6f0904f6661227f256f",
                "sha256:8531fdcad636d82c517b26a448dcfe62f720e1922b33c81ce695d0edb91eb931",
                "sha256:86d2a77fd490ae3ff6fae1c6ceaecad063d3cc2320b44377efdde79880e11526",
                "sha256:88fc51d9a26b10fc331be344f1781224a375b78488fc343620184e95a4b27016",
                "sha256:8a34e13a62a59c871064dfd8ffb150867e54291e46d4a7cf11d02c94a5275bae",
                "sha256:8c82f11964f010053e13daafdc7154ce7385ecc538989a354ccc7067fd7028fd",
                "sha256:92b2065d642bf8c0a82d59e59053dd2fdde64d4ed44efe4870fa816c1232647b",
                "sha256:97b52894d948d2f6ea480171a27122d77af14ced35f62e5c892ca2fae9344311",
                "sha256:9d9acd80072abcc98bd2c86c3c9cd4ac2347b5a5a0cae7ed5c0ee5675f86d9af",
                "sha256:9f59a3c656fef341a99e3d63189852be7084c0e54b75734cde571182c087b152",
                "sha256:aa5003845cdd21ac0dc6c9bf661c5beddd01116f6eb9eb3c8e272353d45b3288",
                "sha256:b16fff62b45eccb9c7abb18e60e7e446998093cdcb50fed33134b9b6878836de",
                "sha256:b30c6590146e53149f04e85a6e4fcae068df4289e31e4aee1fdf56a0dead8f97",
                "sha256:b58cbf0697721120866820b89f93659abc31c1e876bf20d0b3d03cef14faf84d",
                "sha256:b67c6f5e5a401fc56394f191f00f9b3811fe843ee93f4a70df3c389d1adf857d",
                "sha256:bceab846bac555aff6427d060f2fcfff71042dba6f5fca7dc4f75cac815e57ca",
                "sha256:bee9fcb41db2a23bed96c6b6ead6489702c12334ea20a297aa095ce6d31370d0",
                "sha256:c114e8da9b475739dde229fd3bc6b05a6537a88a578358bc8eb29b4030fac9c9",
                "sha256:c1f0524f203e3bd35149f12157438f406eff2e4fb30f71221c8a5eceb3617b6b",
                "sha256:c792ea4eabc0159535608fc5658a74d1a81020eb35195dd63214dcf07556f67e",
                "sha256:c7f3cb904cce8e1be667c7e6fef4516b98d1a6a0635a58a57528d577ac18a128",
                "sha256:d67ac60a307f760c6e65dad586f556dde58e683fab03323221a4e530ead6f74d",
                "sha256:dcacf2c7a6c3a84e720d1bb2b543c675bf6c40e460300b628bab1b1efc7c034c",
                "sha256:de36fe9c02995c7e6ae6efe2e205816f5f00c22fd1fbf343d4d18c3d5ceac2f5",
                "sha256:def07915168ac8f7853812cc593c71185a16216e9e4fa886358a17ed0fd9fcf6",
                "sha256:df41b9bc27c2c25b486bae7cf42fccdc52ff181c8c387bfd026624a491c2671b",
                "sha256:e052b8467dd07d4943936009f46ae5ce7b908ddcac3fda581656b1b19c083d9b",
                "sha256:e063b1865974611313a3849d43f2c3f5368093691349cf3c7c8f8f75ad7cb280",
                "sha256:e1459677e5d12be8bbc7584c35b992eea142911a6236a3278b9b5ce3326f282c",
                "sha256:e1a99a7a71631f0efe727c10edfba09ea6bee4166a6f9c19aafb6c0b5917d09c",
                "sha256:e590228200fcfc7e9109509e4d9125eace2042fd52b595dd22bbc34bb282307f",
                "sha256:e6316827e3e79b7b8e7d8e3b08f4e331af91a48e794d5d8b099928b6f0b85f20",
                "sha256:e7837cb169eca3b3ae94cc5787c4fed99eef74c0ab9506756eea335e0d6f3ed8",
                "sha256:e848f46a58b9fcf3d06061d17be388caf70ea5b8cc3466251963c8345e13f7eb",
                "sha256:ed058398f55163a79bb9f06a90ef9ccc063b204bb346c4de78efc5d15abfe602",
                "sha256:f2e58f2c36cc52d41f2659e4c0cbf7353e28c8c9e63e30d8c6d3494dc9fdedcf",
                "sha256:f467ba0050b7de85016b43f5a22b46383ef004c4f672148a8abf32bc999a87f0",
                "sha256:f61bdb1df43dc9c131791fbc2355535f9024b9a04398d3bd0684fc16ab07df74",
                "sha256:fb06eea71a00a7af0ae6aefbb932fb8a7df3cb390cc217d51a9ad7343de1b8d0",
                "sha256:ffd7dcaf744f25f82190856bc26ed81721508fc5cbf2a330751e135ff1283564"
            ],
            "markers": "python_version >= '3.7'",
            "version": "==11.0.3"
        }
    },
    "develop": {}
}
